
Microsoft Visual Studio Solution File, Format Version 12.00
# Visual Studio 15
VisualStudioVersion = 15.0.27703.2042
MinimumVisualStudioVersion = 10.0.40219.1
Project("{FAE04EC0-301F-11D3-BF4B-00C04F79EFBC}") = "databiding", "databiding\databiding.csproj", "{51690F8A-3563-4070-ADA9-772C07F350EE}"
EndProject
Global
	GlobalSection(SolutionConfigurationPlatforms) = preSolution
		Debug|Any CPU = Debug|Any CPU
		Release|Any CPU = Release|Any CPU
	EndGlobalSection
	GlobalSection(ProjectConfigurationPlatforms) = postSolution
		{51690F8A-3563-4070-ADA9-772C07F350EE}.Debug|Any CPU.ActiveCfg = Debug|Any CPU
		{51690F8A-3563-4070-ADA9-772C07F350EE}.Debug|Any CPU.Build.0 = Debug|Any CPU
		{51690F8A-3563-4070-ADA9-772C07F350EE}.Release|Any CPU.ActiveCfg = Release|Any CPU
		{51690F8A-3563-4070-ADA9-772C07F350EE}.Release|Any CPU.Build.0 = Release|Any CPU
	EndGlobalSection
	GlobalSection(SolutionProperties) = preSolution
		HideSolutionNode = FALSE
	EndGlobalSection
	GlobalSection(ExtensibilityGlobals) = postSolution
		SolutionGuid = {A058B1CC-8E91-4A10-8D8A-9ADD5332ADAA}
	EndGlobalSection
EndGlobal
